
Microsoft Visual Studio Solution File, Format Version 12.00
# Visual Studio Version 17
VisualStudioVersion = 17.5.33424.131
MinimumVisualStudioVersion = 10.0.40219.1
Project("{FAE04EC0-301F-11D3-BF4B-00C04F79EFBC}") = "exercicio", "exercicio\exercicio.csproj", "{40D055F1-511D-4919-B357-D34DC1EEB3DC}"
EndProject
Global
	GlobalSection(SolutionConfigurationPlatforms) = preSolution
		Debug|Any CPU = Debug|Any CPU
		Release|Any CPU = Release|Any CPU
	EndGlobalSection
	GlobalSection(ProjectConfigurationPlatforms) = postSolution
		{40D055F1-511D-4919-B357-D34DC1EEB3DC}.Debug|Any CPU.ActiveCfg = Debug|Any CPU
		{40D055F1-511D-4919-B357-D34DC1EEB3DC}.Debug|Any CPU.Build.0 = Debug|Any CPU
		{40D055F1-511D-4919-B357-D34DC1EEB3DC}.Release|Any CPU.ActiveCfg = Release|Any CPU
		{40D055F1-511D-4919-B357-D34DC1EEB3DC}.Release|Any CPU.Build.0 = Release|Any CPU
	EndGlobalSection
	GlobalSection(SolutionProperties) = preSolution
		HideSolutionNode = FALSE
	EndGlobalSection
	GlobalSection(ExtensibilityGlobals) = postSolution
		SolutionGuid = {CAB77DB0-8B89-48DB-A9B5-4155BEBE51C9}
	EndGlobalSection
EndGlobal
