using System;

public class Exercicio1
{
    public static void Main()
    {
        int convidadosNoivo = Convert.ToInt32(Console.ReadLine());
        int convidadosNoiva = Convert.ToInt32(Console.ReadLine());
        int convidadosPresentesNoivo = 200;
        int convidadosPresentesNoiva = 200;
        int TotalConvidados = convidadosNoiva + convidadosNoivo;
        int TotalConvidadosPresentes = convidadosPresentesNoiva + convidadosPresentesNoivo;

        if (convidadosNoiva >= convidadosNoivo)
        {
            Console.WriteLine("A noiva tem mais convidados que o noivo");
        }
        else
        {
            Console.WriteLine("O noivo tem mais convidados que a noiva");
        }

        if (convidadosNoivo <= convidadosNoiva)
        {
            Console.WriteLine("O noivo tem menos convidados que a noiva");
        }

        if (TotalConvidados == TotalConvidadosPresentes)
        {
            Console.WriteLine("Todos os convidados compareceram");
        }


        if(TotalConvidados <= TotalConvidadosPresentes)
        {
            Console.WriteLine("Tem penetras na festa de casamento");
        }
        else
        {
            Console.WriteLine("Não tem penetras na festa");
        }
    }
}
