using System;

public class Exercicio3
{
    public static void Main(string[] args)
    {   
        //criando lista
        List<string>listaFrutas= new List<string>();
        //ex entrada:'banana',maçã...
        string entrada;

        Console.WriteLine("Entre com A lista conforme manual");

        entrada = Console.ReadLine();

        //pega array de palavras separando por ';'
        string[]strArray = entrada.Split(';');

        //para cada palavra no array
        foreach (string str in strArray )
        {   
            //faz uma copia da string em lower case
            string fruta = str.ToLower();

            //copia a primeira letra da string em UpperCase
            string primeiraLetra = fruta.Substring(0,1).ToUpper();
    
            //fruta recebe primeira letra maiscula e restante minusculo
            fruta = primeiraLetra+fruta.Substring(1,fruta.Length-1);

            //se a frura ainda nao existir na lista, adiciona
            if (!listaFrutas.Contains(str))
                listaFrutas.Add(str);

        }

        foreach (string fruta in listaFrutas)
        {
            Console.WriteLine(fruta);
        }

    }

}
